version: 1
checksums:
  ccd9883a935d21ec9b3e775ce5a85195:
    header/home: 104a3db3b671c04e167eafbe21e57881
    header/uploadReport: 505e8dbcbe4f3d36c263096c92fa9666
    hero/badge: 1b721f455ceac6c74885c79a489165db
    hero/titleLine1: 00826c6f091a794f0a77df302d1193e0
    hero/titleHighlight: fc2a9b3bae4b5101163239af83a36e87
    hero/titleLine2: 97918e3b0e87f4808623ea00f6c93c5b
    hero/subtitle: 773d7937f33380cc52119cc591ee241f
    hero/cta: 681020a2b10dbbaf9058e1c9b1568406
    howItWorks/title: 191d4f7f162cdb17f444531b7593c549
    howItWorks/subtitle: 70c8705ddfc48f5c9bb38208b682a37e
    howItWorks/step1Title: e833de30d71ae77f5a0685c214cfb77e
    howItWorks/step1Desc: 563e712db4d477facd2ef1481c0d202a
    howItWorks/step2Title: 1bff6a3a92ef1f33b9defd57e6e67f51
    howItWorks/step2Desc: 4fecc756d6c9e6770446af5372928531
    howItWorks/step3Title: 550ac503d0ab942495d03634b6b2b839
    howItWorks/step3Desc: 7e3c13105661d7bce85d95c1f46035fe
    languages/title: 5ad86b96f59185ad6a2a4e19417cbf36
    languages/subtitle: 71ad2b529942b856da763c545176ba06
    trust/privacyTitle: 9fcbc034541a054d5c3a85ed3c31879f
    trust/privacyDesc: 2fc23057347754ebaa60689fc417c4b3
    trust/noDiagTitle: ad561ba498f43b2fc4b41ca6150038b9
    trust/noDiagDesc: d53481d401799558a7209158dea4c551
    trust/aiTitle: e36da7e12eaf440ea80843e9b89ce263
    trust/aiDesc: 9a1576e6bdebd8966415be1aa88de2df
    upload/title: 681020a2b10dbbaf9058e1c9b1568406
    upload/subtitle: 5bc711c476975fb1c2d610dd410faf38
    upload/dragActive: c396eb3e3cdc8788750150ca38725495
    upload/dragDefault: 4c41c0997191d7dd240228b5bb1ab280
    upload/browseHint: fdf69e4b8c2a99e4c4534b375ead85b8
    upload/fileError: 67113c4a52017ecce37f22ede9d625a3
    upload/langLabel: 9a1c3e6699cc2b35cfb52f1c7422981b
    upload/langHint: 88fa8efd06cbea8d9fc9a48c8ba6f441
    upload/privacyTitle: 4752a45e8a4d0256fa582fdf99e9e1ab
    upload/privacyDesc: a54de7f2617711ef8fb70cd2910933e5
    upload/analyzing: a639458cb58970e9d2c44967cfec999f
    upload/submitBtn: 4379ca23245af365edd4dece5f7dbd50
    upload/genericError: c62a7718d9a1e9c4ffb707807550f836
    upload/analysisError: 719e2e1474705a22ec6bd4a564a435a9
    report/loading: 8e7efe53d23bd818de5f6dac0fb72d73
    report/noTestsTitle: 2471ee14a23ff52b9ac2f9fe458aa647
    report/noTestsDesc: 0aee351f021de2144803fd1acf6fd5f3
    report/tryAnother: 75c24ced7cb9640e7a2bd56d6709073d
    report/backToUpload: 30c2f58f4fc88a8f2746b0475ad04a3a
    report/pageTitle: 850b5cae0893cadbc50af0ddcebb20ba
    report/pageTitleHighlight: 12cc3077f906a8429f8c733220d5eec2
    report/resultsFound: 6e3e98bafe9b91fe06b1efeaba8dcad1
    report/testResults: 713e416d0b6cdda856cfe5fbfdb19557
    report/resultsExplain: 4191f44e2e30678225232a38afab3d36
    report/detailedResults: ea87601ba31f42af8ffd2409f226d7ec
    testCard/normal: d51cbea62adaba2a8a681d100bd3b120
    testCard/low: 97359f18d6648e0980854c5e68bb0969
    testCard/high: dabe777f3b670e9407e46c186197d188
    testCard/borderline: 97f59f5078be3376b837695291505d5d
    testCard/yourResult: e5f2145bfe1b31de1ea1463c510cce48
    testCard/normalRange: dc0ee8365e86cf47fd092b19f5389a5e
    testCard/whatThisMeans: 4ec3bb47f36c4eba2e0c69184ae5c20e
    disclaimer/bannerTitle: 664d0a62e7a7ff81a026c77fc647b7b7
    disclaimer/bannerText: 073883a3ba2a4f503906a154a81d041d
    disclaimer/inline: f39bc720baeb139cc18077f3610e3e15
    footer/disclaimerLabel: 64728d29fbb04c731ee620139cdae4b1
    footer/disclaimerText: 9f25fdaf1e2f55b28a0f4511d0bc9798
    footer/copyright: 0fd410a6d67b8223024c50a9575de678
    footer/poweredBy: bfdf2895ac2321537fc3619fa1249655
    rangeBar/normal: 2567bfb6702885e9f96b7958baa957fb
